
Microsoft Visual Studio Solution File, Format Version 12.00
# Visual Studio Version 16
VisualStudioVersion = 16.0.28803.352
MinimumVisualStudioVersion = 10.0.40219.1
Project("{FAE04EC0-301F-11D3-BF4B-00C04F79EFBC}") = "Cinema", "Cinema\Cinema.csproj", "{F5E5A84D-5BEF-4597-84AC-69B45D4870C9}"
EndProject
Global
	GlobalSection(SolutionConfigurationPlatforms) = preSolution
		Debug|Any CPU = Debug|Any CPU
		Release|Any CPU = Release|Any CPU
	EndGlobalSection
	GlobalSection(ProjectConfigurationPlatforms) = postSolution
		{F5E5A84D-5BEF-4597-84AC-69B45D4870C9}.Debug|Any CPU.ActiveCfg = Debug|Any CPU
		{F5E5A84D-5BEF-4597-84AC-69B45D4870C9}.Debug|Any CPU.Build.0 = Debug|Any CPU
		{F5E5A84D-5BEF-4597-84AC-69B45D4870C9}.Release|Any CPU.ActiveCfg = Release|Any CPU
		{F5E5A84D-5BEF-4597-84AC-69B45D4870C9}.Release|Any CPU.Build.0 = Release|Any CPU
	EndGlobalSection
	GlobalSection(SolutionProperties) = preSolution
		HideSolutionNode = FALSE
	EndGlobalSection
	GlobalSection(ExtensibilityGlobals) = postSolution
		SolutionGuid = {F84A8965-B71B-4E68-8B75-1CF8E2DCDADE}
	EndGlobalSection
EndGlobal
